PODS:
  - flutter_js (0.0.1):
    - FlutterMacOS
  - FlutterMacOS (1.0.0)
  - HotKey (0.2.1)
  - hotkey_manager_macos (0.0.1):
    - FlutterMacOS
    - HotKey
  - rust_api (0.0.1):
    - FlutterMacOS
  - screen_retriever_macos (0.0.1):
    - FlutterMacOS
  - setup (0.0.1):
    - FlutterMacOS
  - tray_manager (0.0.1):
    - FlutterMacOS
  - wifi_ssid (0.0.1):
    - FlutterMacOS
  - window_ext (0.0.1):
    - FlutterMacOS

DEPENDENCIES:
  - flutter_js (from `Flutter/ephemeral/.symlinks/plugins/flutter_js/macos`)
  - FlutterMacOS (from `Flutter/ephemeral`)
  - hotkey_manager_macos (from `Flutter/ephemeral/.symlinks/plugins/hotkey_manager_macos/macos`)
  - rust_api (from `Flutter/ephemeral/.symlinks/plugins/rust_api/macos`)
  - screen_retriever_macos (from `Flutter/ephemeral/.symlinks/plugins/screen_retriever_macos/macos`)
  - setup (from `Flutter/ephemeral/.symlinks/plugins/setup/macos`)
  - tray_manager (from `Flutter/ephemeral/.symlinks/plugins/tray_manager/macos`)
  - wifi_ssid (from `Flutter/ephemeral/.symlinks/plugins/wifi_ssid/macos`)
  - window_ext (from `Flutter/ephemeral/.symlinks/plugins/window_ext/macos`)

SPEC REPOS:
  trunk:
    - HotKey

EXTERNAL SOURCES:
  flutter_js:
    :path: Flutter/ephemeral/.symlinks/plugins/flutter_js/macos
  FlutterMacOS:
    :path: Flutter/ephemeral
  hotkey_manager_macos:
    :path: Flutter/ephemeral/.symlinks/plugins/hotkey_manager_macos/macos
  rust_api:
    :path: Flutter/ephemeral/.symlinks/plugins/rust_api/macos
  screen_retriever_macos:
    :path: Flutter/ephemeral/.symlinks/plugins/screen_retriever_macos/macos
  setup:
    :path: Flutter/ephemeral/.symlinks/plugins/setup/macos
  tray_manager:
    :path: Flutter/ephemeral/.symlinks/plugins/tray_manager/macos
  wifi_ssid:
    :path: Flutter/ephemeral/.symlinks/plugins/wifi_ssid/macos
  window_ext:
    :path: Flutter/ephemeral/.symlinks/plugins/window_ext/macos

SPEC CHECKSUMS:
  flutter_js: 79c3c70d33ba464c67d8eb88639a61aa718cd8b8
  FlutterMacOS: d0db08ddef1a9af05a5ec4b724367152bb0500b1
  HotKey: 400beb7caa29054ea8d864c96f5ba7e5b4852277
  hotkey_manager_macos: a4317849af96d2430fa89944d3c58977ca089fbe
  rust_api: 112f3cfd993afe61c6662bdb30fd6e3509fb3bf8
  screen_retriever_macos: 452e51764a9e1cdb74b3c541238795849f21557f
  setup: 8b838da8e99b84b526ac668469e84de76f32fb74
  tray_manager: a104b5c81b578d83f3c3d0f40a997c8b10810166
  wifi_ssid: e8c7174872311b511ddfb86996e370a20739e4ad
  window_ext: 4afef727fe428b30c68ce800ba92e890fd329f63

PODFILE CHECKSUM: b9facb167d6b7e90fef40306c3fe521e010924ac

COCOAPODS: 1.16.2
